
Microsoft Visual Studio Solution File, Format Version 12.00
# Visual Studio Version 16
VisualStudioVersion = 16.0.30717.126
MinimumVisualStudioVersion = 10.0.40219.1
Project("{FAE04EC0-301F-11D3-BF4B-00C04F79EFBC}") = "Linq_edukos", "Linq_edukos\Linq_edukos.csproj", "{A45B9C5A-7A53-4518-8422-7C058C63F40E}"
EndProject
Global
	GlobalSection(SolutionConfigurationPlatforms) = preSolution
		Debug|Any CPU = Debug|Any CPU
		Release|Any CPU = Release|Any CPU
	EndGlobalSection
	GlobalSection(ProjectConfigurationPlatforms) = postSolution
		{A45B9C5A-7A53-4518-8422-7C058C63F40E}.Debug|Any CPU.ActiveCfg = Debug|Any CPU
		{A45B9C5A-7A53-4518-8422-7C058C63F40E}.Debug|Any CPU.Build.0 = Debug|Any CPU
		{A45B9C5A-7A53-4518-8422-7C058C63F40E}.Release|Any CPU.ActiveCfg = Release|Any CPU
		{A45B9C5A-7A53-4518-8422-7C058C63F40E}.Release|Any CPU.Build.0 = Release|Any CPU
	EndGlobalSection
	GlobalSection(SolutionProperties) = preSolution
		HideSolutionNode = FALSE
	EndGlobalSection
	GlobalSection(ExtensibilityGlobals) = postSolution
		SolutionGuid = {162E8594-8F7E-46FC-9205-44E840FCB253}
	EndGlobalSection
EndGlobal
